
Microsoft Visual Studio Solution File, Format Version 12.00
# Visual Studio Version 16
VisualStudioVersion = 16.0.30011.22
MinimumVisualStudioVersion = 10.0.40219.1
Project("{FAE04EC0-301F-11D3-BF4B-00C04F79EFBC}") = "PicaCarrito", "PicaCarrito\PicaCarrito.csproj", "{547C9BAF-CB17-47AE-B93B-10218D9FD51E}"
EndProject
Global
	GlobalSection(SolutionConfigurationPlatforms) = preSolution
		Debug|Any CPU = Debug|Any CPU
		Release|Any CPU = Release|Any CPU
	EndGlobalSection
	GlobalSection(ProjectConfigurationPlatforms) = postSolution
		{547C9BAF-CB17-47AE-B93B-10218D9FD51E}.Debug|Any CPU.ActiveCfg = Debug|Any CPU
		{547C9BAF-CB17-47AE-B93B-10218D9FD51E}.Debug|Any CPU.Build.0 = Debug|Any CPU
		{547C9BAF-CB17-47AE-B93B-10218D9FD51E}.Release|Any CPU.ActiveCfg = Release|Any CPU
		{547C9BAF-CB17-47AE-B93B-10218D9FD51E}.Release|Any CPU.Build.0 = Release|Any CPU
	EndGlobalSection
	GlobalSection(SolutionProperties) = preSolution
		HideSolutionNode = FALSE
	EndGlobalSection
	GlobalSection(ExtensibilityGlobals) = postSolution
		SolutionGuid = {F4299CA3-B7A4-43EF-8815-4295591EA194}
	EndGlobalSection
EndGlobal
